{
  "version": 4,
  "terraform_version": "1.14.8",
  "serial": 5,
  "lineage": "d8793336-5cce-4880-f52b-e1e60605465b",
  "outputs": {
    "bucket_name": {
      "value": "coduxdotfun-bucket-20-04-2026",
      "type": "string"
    },
    "website_url": {
      "value": "coduxdotfun-bucket-20-04-2026.s3-website.ap-south-1.amazonaws.com",
      "type": "string"
    }
  },
  "resources": [
    {
      "mode": "managed",
      "type": "aws_s3_bucket",
      "name": "site",
      "provider": "provider[\"registry.terraform.io/hashicorp/aws\"]",
      "instances": [
        {
          "schema_version": 0,
          "attributes": {
            "acceleration_status": "",
            "acl": null,
            "arn": "arn:aws:s3:::coduxdotfun-bucket-20-04-2026",
            "bucket": "coduxdotfun-bucket-20-04-2026",
            "bucket_domain_name": "coduxdotfun-bucket-20-04-2026.s3.amazonaws.com",
            "bucket_namespace": "global",
            "bucket_prefix": "",
            "bucket_region": "ap-south-1",
            "bucket_regional_domain_name": "coduxdotfun-bucket-20-04-2026.s3.ap-south-1.amazonaws.com",
            "cors_rule": [],
            "force_destroy": false,
            "grant": [
              {
                "id": "0c05f02ba5cf804669211c0c5dce9b0b573f67f93fbb7cfd945e0e4ff1f84219",
                "permissions": [
                  "FULL_CONTROL"
                ],
                "type": "CanonicalUser",
                "uri": ""
              }
            ],
            "hosted_zone_id": "Z11RGJOFQNVJUP",
            "id": "coduxdotfun-bucket-20-04-2026",
            "lifecycle_rule": [],
            "logging": [],
            "object_lock_configuration": [],
            "object_lock_enabled": false,
            "policy": "",
            "region": "ap-south-1",
            "replication_configuration": [],
            "request_payer": "BucketOwner",
            "server_side_encryption_configuration": [
              {
                "rule": [
                  {
                    "apply_server_side_encryption_by_default": [
                      {
                        "kms_master_key_id": "",
                        "sse_algorithm": "AES256"
                      }
                    ],
                    "bucket_key_enabled": false
                  }
                ]
              }
            ],
            "tags": {
              "Environment": "Dev",
              "Name": "Coduxdotfun"
            },
            "tags_all": {
              "Environment": "Dev",
              "Name": "Coduxdotfun"
            },
            "timeouts": null,
            "versioning": [
              {
                "enabled": false,
                "mfa_delete": false
              }
            ],
            "website": [],
            "website_domain": null,
            "website_endpoint": null
          },
          "sensitive_attributes": [],
          "identity_schema_version": 0,
          "identity": {
            "account_id": "412887501010",
            "bucket": "coduxdotfun-bucket-20-04-2026",
            "region": "ap-south-1"
          },
          "private": "eyJlMmJmYjczMC1lY2FhLTExZTYtOGY4OC0zNDM2M2JjN2M0YzAiOnsiY3JlYXRlIjoxMjAwMDAwMDAwMDAwLCJkZWxldGUiOjM2MDAwMDAwMDAwMDAsInJlYWQiOjEyMDAwMDAwMDAwMDAsInVwZGF0ZSI6MTIwMDAwMDAwMDAwMH19"
        }
      ]
    },
    {
      "mode": "managed",
      "type": "aws_s3_bucket_public_access_block",
      "name": "site",
      "provider": "provider[\"registry.terraform.io/hashicorp/aws\"]",
      "instances": [
        {
          "schema_version": 0,
          "attributes": {
            "block_public_acls": false,
            "block_public_policy": false,
            "bucket": "coduxdotfun-bucket-20-04-2026",
            "id": "coduxdotfun-bucket-20-04-2026",
            "ignore_public_acls": false,
            "region": "ap-south-1",
            "restrict_public_buckets": false,
            "skip_destroy": null
          },
          "sensitive_attributes": [],
          "identity_schema_version": 0,
          "identity": {
            "account_id": "412887501010",
            "bucket": "coduxdotfun-bucket-20-04-2026",
            "region": "ap-south-1"
          },
          "private": "bnVsbA==",
          "dependencies": [
            "aws_s3_bucket.site"
          ]
        }
      ]
    },
    {
      "mode": "managed",
      "type": "aws_s3_bucket_website_configuration",
      "name": "site_config",
      "provider": "provider[\"registry.terraform.io/hashicorp/aws\"]",
      "instances": [
        {
          "schema_version": 0,
          "attributes": {
            "bucket": "coduxdotfun-bucket-20-04-2026",
            "error_document": [
              {
                "key": "index.html"
              }
            ],
            "expected_bucket_owner": "",
            "id": "coduxdotfun-bucket-20-04-2026",
            "index_document": [
              {
                "suffix": "index.html"
              }
            ],
            "redirect_all_requests_to": [],
            "region": "ap-south-1",
            "routing_rule": [],
            "routing_rules": "",
            "website_domain": "s3-website.ap-south-1.amazonaws.com",
            "website_endpoint": "coduxdotfun-bucket-20-04-2026.s3-website.ap-south-1.amazonaws.com"
          },
          "sensitive_attributes": [],
          "identity_schema_version": 1,
          "identity": {
            "account_id": "412887501010",
            "bucket": "coduxdotfun-bucket-20-04-2026",
            "region": "ap-south-1"
          },
          "private": "bnVsbA==",
          "dependencies": [
            "aws_s3_bucket.site"
          ]
        }
      ]
    }
  ],
  "check_results": null
}
